
Microsoft Visual Studio Solution File, Format Version 12.00
# Visual Studio Version 17
VisualStudioVersion = 17.10.35013.160
MinimumVisualStudioVersion = 10.0.40219.1
Project("{FAE04EC0-301F-11D3-BF4B-00C04F79EFBC}") = "StudentApp", "StudentApp\StudentApp.csproj", "{FC10DEC5-5508-49C7-8A23-E87C4CBE2EAA}"
EndProject
Global
	GlobalSection(SolutionConfigurationPlatforms) = preSolution
		Debug|Any CPU = Debug|Any CPU
		Release|Any CPU = Release|Any CPU
	EndGlobalSection
	GlobalSection(ProjectConfigurationPlatforms) = postSolution
		{FC10DEC5-5508-49C7-8A23-E87C4CBE2EAA}.Debug|Any CPU.ActiveCfg = Debug|Any CPU
		{FC10DEC5-5508-49C7-8A23-E87C4CBE2EAA}.Debug|Any CPU.Build.0 = Debug|Any CPU
		{FC10DEC5-5508-49C7-8A23-E87C4CBE2EAA}.Release|Any CPU.ActiveCfg = Release|Any CPU
		{FC10DEC5-5508-49C7-8A23-E87C4CBE2EAA}.Release|Any CPU.Build.0 = Release|Any CPU
	EndGlobalSection
	GlobalSection(SolutionProperties) = preSolution
		HideSolutionNode = FALSE
	EndGlobalSection
	GlobalSection(ExtensibilityGlobals) = postSolution
		SolutionGuid = {AE3E707C-8BF6-4855-827A-3F6A819621E6}
	EndGlobalSection
EndGlobal
